github.com/RoaringBitmap/roaring/v2 v2.18.2 h1:oPq3Cgx//iDuJQVp6xSInAKW34J9CEwE5GmLI2z+Eic=
github.com/RoaringBitmap/roaring/v2 v2.18.2/go.mod h1:eq4wdNXxtJIS/oikeCzdX1rBzek7ANzbth041hrU8Q4=
github.com/RoaringBitmap/roaring/v2 v2.19.0 h1:zsWtVE+biht4eVl0YDLvykUqGkftR3Qc5UCbeKB4UQ4=
github.com/RoaringBitmap/roaring/v2 v2.19.0/go.mod h1:SfT3of9nYh3vis1dIbCj4Yw6KQGujTN+f345nrN/0JA=
github.com/alexsergivan/transliterator v1.0.1 h1:vON2ilWCHjq+S5Y4obhLGhHK4Y1VIhsHEtQlij5d9pI=
github.com/alexsergivan/transliterator v1.0.1/go.mod h1:0IrumukulURJ4PD0z6UcdJKP2job1DYDhnHAP5y+5pE=
github.com/bits-and-blooms/bitset v1.24.4 h1:95H15Og1clikBrKr/DuzMXkQzECs1M6hhoGXLwLQOZE=
github.com/bits-and-blooms/bitset v1.24.4/go.mod h1:7hO7Gc7Pp1vODcmWvKMRA9BNmbv6a/7QIWpPxHddWR8=
github.com/bots-go-framework/bots-fw-store v0.10.5 h1:AzEZE7N1nc2ysAxjqRsvLT1TD+spS9EDjne0QWXMRIM=
github.com/bots-go-framework/bots-fw-store v0.10.5/go.mod h1:FordIqmCZu3XXZ8grvep9mRdoxY+QymiZBfY97t0+Rs=
github.com/crediterra/money v0.3.1 h1:7v3KOvGGWzBwZ/fV1QQedtbtP3KyfxNIDaqc9cdqVQg=
github.com/crediterra/money v0.3.1/go.mod h1:0BT7dzPk4Wv+Wi8J6sxlFbCknYioLWVVQM4ciMJh6TI=
github.com/dal-go/dalgo v0.62.2 h1:rA+k9QCgS0UnZV0oonvDtA+QoM3Wj1doVBWo1higBTw=
github.com/dal-go/dalgo v0.62.2/go.mod h1:wwaibB/UlzwAY1r9KZw5JCis+aroIwAu5WQJ/aoWZiU=
github.com/dal-go/dalgo v0.62.12 h1:3rpX6G5UBv2BEE1orBNrxRqHhWXi6gdo9N7Nc/mjzgw=
github.com/dal-go/dalgo v0.62.12/go.mod h1:afkKVmM5Nc7LyJXYKup+5lJwAK+qIT0PDbUcsHpF0AQ=
github.com/davecgh/go-spew v1.1.0/go.mod h1:J7Y8YcW2NihsgmVo/mv3lAwl/skON4iLHjSsI+c5H38=
github.com/davecgh/go-spew v1.1.1 h1:vj9j/u1bqnvCEfJOwUhtlOARqs3+rkHYY13jYWTU97c=
github.com/davecgh/go-spew v1.1.1/go.mod h1:J7Y8YcW2NihsgmVo/mv3lAwl/skON4iLHjSsI+c5H38=
github.com/gosimple/slug v1.15.0 h1:wRZHsRrRcs6b0XnxMUBM6WK1U1Vg5B0R7VkIf1Xzobo=
github.com/gosimple/slug v1.15.0/go.mod h1:UiRaFH+GEilHstLUmcBgWcI42viBN7mAb818JrYOeFQ=
github.com/gosimple/unidecode v1.0.1 h1:hZzFTMMqSswvf0LBJZCZgThIZrpDHFXux9KeGmn6T/o=
github.com/gosimple/unidecode v1.0.1/go.mod h1:CP0Cr1Y1kogOtx0bJblKzsVWrqYaqfNOnHzpgWw4Awc=
github.com/mschoch/smat v0.2.0 h1:8imxQsjDm8yFEAVBe7azKmKSgzSkZXDuKkSq9374khM=
github.com/mschoch/smat v0.2.0/go.mod h1:kc9mz7DoBKqDyiRL7VZN8KvXQMWeTaVnttLRXOlotKw=
github.com/pmezard/go-difflib v1.0.0 h1:4DBwDE0NGyQoBHbLQYPwSUPoCMWR5BEzIk/f1lZbAQM=
github.com/pmezard/go-difflib v1.0.0/go.mod h1:iKH77koFhYxTK1pcRnkKkqfTogsbg7gZNVY4sRDYZ/4=
github.com/sneat-co/ext-contactus/backend v0.1.2 h1:RDyhAMoxxpImGlGJ4z08l8LZ36gZ/HzW66mtlN6Nwy0=
github.com/sneat-co/ext-contactus/backend v0.1.2/go.mod h1:WMIv14fXKzCiPcMp6hYi7RPVFofJU4u3XrRi1Rd0hnA=
github.com/sneat-co/sneat-core-modules v0.38.58 h1:oi+kQKOGzyvUt4YotGma5wH7e2L/9uC6TKo0CmGp4+g=
github.com/sneat-co/sneat-core-modules v0.38.58/go.mod h1:oC1SRlG5TRnDBrtacq2eRPqVdLEZ0I6Pss+2gBdisuI=
github.com/sneat-co/sneat-core-modules v0.46.2 h1:dWZeQWH70cYnre2uh/UMMpQYlbH1IHXpq6oye0SncAI=
github.com/sneat-co/sneat-core-modules v0.46.2/go.mod h1:2SjW3y+gFsQKTChwRvjgg1ol0rQziButHzTE6ydBK98=
github.com/sneat-co/sneat-go-core v0.55.4 h1:PB/Azla0p0i2nauAbSHfpEueFJ2KwLWmPyQNzfpAKdI=
github.com/sneat-co/sneat-go-core v0.55.4/go.mod h1:qFVjM5AkIwZawuGgCkFDzD2Sh4IEVkXx2Za+N7klUdU=
github.com/sneat-co/sneat-go-core v0.60.0 h1:YJ1VP1zeN9MMbdYIESD4y83tEof9ydYOTkxfPo6sLTw=
github.com/sneat-co/sneat-go-core v0.60.0/go.mod h1:fXBW2soDSslovEmCxECMfeFdA8RAnITPMjEY9xJpn8A=
github.com/sneat-co/sneat-translations v0.9.0 h1:S15JibDkveOzDZ/maHstmJiI1uQsC/4L9cH9GgGLdjw=
github.com/sneat-co/sneat-translations v0.9.0/go.mod h1:iH8ZVGWCGlWv5sIwnp1CEMp/+56pook6w/CNCgrrvXk=
github.com/stretchr/objx v0.1.0/go.mod h1:HFkY916IF+rwdDfMAkV7OtwuqBVzrE8GR6GFx+wExME=
github.com/stretchr/testify v1.5.1/go.mod h1:5W2xD1RspED5o8YsWQXVCued0rvSQ+mT+I5cxcmMvtA=
github.com/stretchr/testify v1.11.1 h1:7s2iGBzp5EwR7/aIZr8ao5+dra3wiQyKjjFuvgVKu7U=
github.com/stretchr/testify v1.11.1/go.mod h1:wZwfW3scLgRK+23gO65QZefKpKQRnfz6sD981Nm4B6U=
github.com/strongo/analytics v0.2.5 h1:wNobPTa5C9hQUembtVYEXHIGGBWO29H0iUhTicR9CEo=
github.com/strongo/analytics v0.2.5/go.mod h1:UcOgf57sMznb4zRxLA827+lC+HX6WWBU30YIQmbNwu0=
github.com/strongo/decimal v0.1.1 h1:k7HY/0NmG6Ne5YPV7XybII+AT7O4AShl6HZpLiNZsb4=
github.com/strongo/decimal v0.1.1/go.mod h1:uKFgetJbR2uT026stdbK54ELXTH9h0vZOPPOp7DAODk=
github.com/strongo/delaying v0.2.1 h1:vpugNAmvwF81ZcICARgAzMWjACi3UXDSTLxfe9fB/4w=
github.com/strongo/delaying v0.2.1/go.mod h1:6PnWp2IL3UDo7tQyFVIOxBiIiHSj0eVZ6VfrleGNjzA=
github.com/strongo/delaying v0.2.2 h1:c+uqQWD0h7TTLJNpMiCKchw9y4z18d/Sk68Lv77UnnU=
github.com/strongo/delaying v0.2.2/go.mod h1:6PnWp2IL3UDo7tQyFVIOxBiIiHSj0eVZ6VfrleGNjzA=
github.com/strongo/i18n v0.8.13 h1:ZRjtdwLaIIIP0bRZzr8aRN6mujjj1jzCPBUzrZJOMtU=
github.com/strongo/i18n v0.8.13/go.mod h1:gzIv4ENpyj8JJEnBmBgyuGSHuQctGhVTeY4+lt8bMGA=
github.com/strongo/logus v0.4.1 h1:jEkcT5JzawDYjexRVHkCQiG4tv6Bm2a/c/ZdLk0IPqM=
github.com/strongo/logus v0.4.1/go.mod h1:sd8gjJklqGQAg+Q0mlP5MWgzguAuxR25YYFSkfVOPdc=
github.com/strongo/random v0.0.1 h1:OZHJBb/3uEa7OX8L2Dv2pLnSeewRmXMyTACoeto6O8I=
github.com/strongo/random v0.0.1/go.mod h1:/pSI+SjBNLBkjljNtVdYr6ERddA+LqSa87o0/s+9iuU=
github.com/strongo/slice v0.3.5 h1:8qbn5ll6DBf0eIZ2KtQm1xbmKOr5+FgXZIShz3Qg5to=
github.com/strongo/slice v0.3.5/go.mod h1:Tymvuhp8oV6T4vswWR4F/JmGFxOcMWFTM5qp0WlV0sk=
github.com/strongo/strongoapp v0.31.36 h1:wn4nVMhSOXyBggKZW7bg3Oi+CQvyudM4euFcGxzAZEQ=
github.com/strongo/strongoapp v0.31.36/go.mod h1:fIEub2qI5bLYlv0+BYJyZCSjLAgp/pjX+apJsEKaTAE=
github.com/strongo/strongoapp v0.31.44 h1:TJbvwmK3HcyB9ABq1pWN1XBAu5XzZS3Q6ySezSQMRJI=
github.com/strongo/strongoapp v0.31.44/go.mod h1:xoidoGazFiDrQtKhlhq2mUysLxhKWOeDphPyFgvf/zE=
github.com/strongo/validation v0.0.8 h1:LL3FODf1MTOROKa8fHJuwYxiKHcvd1W2Vs0OXc1H46U=
github.com/strongo/validation v0.0.8/go.mod h1:YUwoPEItLJd/Bc9X1OCUm03ofhvm3kwZvuihU7/jz58=
github.com/strongo/validation v0.0.9 h1:wO/aExTa4qZorJtQuGlqkTS8vfL4y9WQsCk9cP/nNjU=
github.com/strongo/validation v0.0.9/go.mod h1:YUwoPEItLJd/Bc9X1OCUm03ofhvm3kwZvuihU7/jz58=
go.uber.org/mock v0.6.0 h1:hyF9dfmbgIX5EfOdasqLsWD6xqpNZlXblLB/Dbnwv3Y=
go.uber.org/mock v0.6.0/go.mod h1:KiVJ4BqZJaMj4svdfmHM0AUx4NJYO8ZNpPnZn1Z+BBU=
golang.org/x/crypto v0.53.0 h1:QZ4Muo8THX6CizN2vPPd5fBGHyogrdK9fG4wLPFUsto=
golang.org/x/crypto v0.53.0/go.mod h1:DNLU434OwVakk9PzuwV8w62mAJpRJL3vsgcfp4Qnsio=
gopkg.in/check.v1 v0.0.0-20161208181325-20d25e280405/go.mod h1:Co6ibVJAznAaIkqp8huTwlJQCZ016jof/cbN4VW5Yz0=
gopkg.in/yaml.v2 v2.2.2/go.mod h1:hI93XBmqTisBFMUTm0b8Fm+jr3Dg1NNxqwp+5A1VGuI=
gopkg.in/yaml.v3 v3.0.1 h1:fxVm/GzAzEWqLHuvctI91KS9hhNmmWOoWu0XTYJS7CA=
gopkg.in/yaml.v3 v3.0.1/go.mod h1:K4uyk7z7BCEPqu6E+C64Yfv1cQ7kz7rIZviUmN+EgEM=
