github.com/RoaringBitmap/roaring/v2 v2.27.0 h1:rTzs+cuH9YBj6j4L9GF2DcK2NmOfdUvLI+ZFhyLy8g8=
github.com/RoaringBitmap/roaring/v2 v2.27.0/go.mod h1:BZufmFbox589n3j5eOmyTaLSGXbRLc2LmQvjKjzSEGU=
github.com/bits-and-blooms/bitset v1.24.6 h1:qcrftZUVBIwfs+m+nhoCBAPT+ZPZZjti8SbHbDQQkZ4=
github.com/bits-and-blooms/bitset v1.24.6/go.mod h1:7hO7Gc7Pp1vODcmWvKMRA9BNmbv6a/7QIWpPxHddWR8=
github.com/crediterra/money v0.4.0 h1:HYnNINcEweVcpyxU7SFWK3jRnyCYCXtUuVJ8mc/QKOs=
github.com/crediterra/money v0.4.0/go.mod h1:v1LjiUrGIVmK0L070iz4ghVDhqVGiyd9vNX0XJOLGak=
github.com/dal-go/dalgo v0.79.4 h1:gP+s77B8OWKhLN733O9g0QK2XB1tgePfnQYo3qtYGPQ=
github.com/dal-go/dalgo v0.79.4/go.mod h1:t7F7LJGIHd4DOtQ0pJiGdGdznaqM70lfS9PVG9iSZOU=
github.com/dal-go/record v0.1.3 h1:K85k/kSX08lTefMiMmPpC12nmCY2TVJk7+ZyC5PD9XU=
github.com/dal-go/record v0.1.3/go.mod h1:quwsVJTT0f6y3Mhx+yHpTobY7luX1M6kyO6fdJ/AFYE=
github.com/mschoch/smat v0.2.0 h1:8imxQsjDm8yFEAVBe7azKmKSgzSkZXDuKkSq9374khM=
github.com/mschoch/smat v0.2.0/go.mod h1:kc9mz7DoBKqDyiRL7VZN8KvXQMWeTaVnttLRXOlotKw=
github.com/sneat-co/sneat-core-modules v0.73.0 h1:EVhEx01/9Z6XiqZHC0g5ZiF6s6ilSeES02DrL4cp7rk=
github.com/sneat-co/sneat-core-modules v0.73.0/go.mod h1:TIBuZIQraEMnpldYn/vb+OwzRj6tQA5yXWG5Zpc74Qk=
github.com/sneat-co/sneat-ext-contracts/calendarius v0.27.8 h1:5OCEV+UjzOY/AqUBV+wtAweD7E63CXKyKY1SkGx2+e8=
github.com/sneat-co/sneat-ext-contracts/calendarius v0.27.8/go.mod h1:YdSXtRm3Wn3KKiIxhdTTHoSlaU4JtFm+jTFubBDx2MU=
github.com/sneat-co/sneat-ext-contracts/contactus v0.12.9 h1:07WRakFI7Ca/HwAwMTCGFnk5CKjwZ63hb07lL/S0xCk=
github.com/sneat-co/sneat-ext-contracts/contactus v0.12.9/go.mod h1:XVBZyG6/VU80XR5MTH8k4z3ItX00IyMDpvUOOcUhts4=
github.com/sneat-co/sneat-ext-contracts/listus v0.0.10 h1:tJ27qoqFShkUnnaeXGpDGY+sgEUFSuFo25FbeFHvqio=
github.com/sneat-co/sneat-ext-contracts/listus v0.0.10/go.mod h1:9mE/Rby9oa6CJRymFzfjPoyjelup+4bV9vfo0u8ePN4=
github.com/sneat-co/sneat-go-core v0.69.0 h1:Sx/amKfAjaC9BciL0To1hB3p/Sek5axSW/UjfWqtvKI=
github.com/sneat-co/sneat-go-core v0.69.0/go.mod h1:GPwMYQudxpBkeOn5ccCXobsMKRsd6EADNfxFez1/oO8=
github.com/stretchr/testify v1.12.1 h1:EuwCh5fleGS7H32xRwO3wRGT7DxrDhLAT6FF8MpWDWE=
github.com/stretchr/testify v1.12.1/go.mod h1:MDEgiDPPsNp5cuIrHPPCyornHKgEVbtFUmoNlxoYthg=
github.com/strongo/analytics v0.2.8 h1:h0snZrFba1DDI7H/RcePbq3V8MeuOrZFC8kj5ZJkp/I=
github.com/strongo/analytics v0.2.8/go.mod h1:/pf7goR1CZtkvZHrJH5sXpJJl6IAefWCx82eSGUZ2V0=
github.com/strongo/decimal v0.1.2 h1:/LHdX9zJTUPpEM2cuQhnwCWNWLCUwG0BJMyOetpryY8=
github.com/strongo/decimal v0.1.2/go.mod h1:uKFgetJbR2uT026stdbK54ELXTH9h0vZOPPOp7DAODk=
github.com/strongo/delaying v0.2.6 h1:7JHbs/T3DdPFqTkY1SucofY+Oyff0uo/5dwxSr3Ivac=
github.com/strongo/delaying v0.2.6/go.mod h1:8Oyv0h5T8F3dsxDP86nDou2duPNwPvLIgQBWAv6JM08=
github.com/strongo/logus v0.4.3 h1:hAT2VNAj41SXta7A2bRPmk/RgWXAO930faHga5Fc58w=
github.com/strongo/logus v0.4.3/go.mod h1:seJ+rxoeqfq1mS8LHlVfmS3ZfO+aTzeX0eW+zvpkH8U=
github.com/strongo/random v0.0.2 h1:lnISBL6GM6xkWCJDRZRoOXaOUoytg76IyWkx6CLUHKg=
github.com/strongo/random v0.0.2/go.mod h1:V/TldevwaA3XYhJApc5kQUmpAVUZhoEcsdl5m1+emx4=
github.com/strongo/slice v0.3.10 h1:FeODEVCsR+1WHbw44eshB4++HhY1fNR9zJyJ6zns6zo=
github.com/strongo/slice v0.3.10/go.mod h1:XkxT6IjPgsI0LnuvFCQL6wPLZarQ8dzrGiuuehUtt1A=
github.com/strongo/strongoapp v0.31.58 h1:euJXe4sEsEm1IiO8hLrlpcE3pzpJsOYUP7Xc2yOD1lw=
github.com/strongo/strongoapp v0.31.58/go.mod h1:OBNGexSLAWM46owjTehTmBlkzhv2LOibbXqtWUdASnA=
github.com/strongo/validation v0.0.13 h1:EgRfP5XBZSVoiOd4805OGCOVqZndeqFONpSmdSerEE8=
github.com/strongo/validation v0.0.13/go.mod h1:EY+//fgQhn6rr0rOvWRJuUCTSk5BIETZL2bL9CIDhbs=
go.uber.org/mock v0.6.0 h1:hyF9dfmbgIX5EfOdasqLsWD6xqpNZlXblLB/Dbnwv3Y=
go.uber.org/mock v0.6.0/go.mod h1:KiVJ4BqZJaMj4svdfmHM0AUx4NJYO8ZNpPnZn1Z+BBU=
go.yaml.in/yaml/v3 v3.0.5 h1:N6y/pJk8buWs9NY5ERU2HSMfm+IuD/OtfdAnq6kESPw=
go.yaml.in/yaml/v3 v3.0.5/go.mod h1:HVTZu1O7/Vkt2N+BFy8Zza+lnLsABggaTM2ZpNIGuKg=
golang.org/x/sys v0.47.0 h1:o7XGOvZQCADBQQ4Y7VNq2dRWQR7JmOUW8Kxx4ZsNgWs=
golang.org/x/sys v0.47.0/go.mod h1:4GL1E5IUh+htKOUEOaiffhrAeqysfVGipDYzABqnCmw=
golang.org/x/text v0.41.0 h1:vz/seA0lnX87Othu2f/0L24RcgrXD9/YFTSuGjj3rH8=
golang.org/x/text v0.41.0/go.mod h1:jvf1O8ajNzZqhSrQBPbutR/EB83Cc0CFrezNQIwbb5M=
gopkg.in/yaml.v3 v3.0.1 h1:fxVm/GzAzEWqLHuvctI91KS9hhNmmWOoWu0XTYJS7CA=
gopkg.in/yaml.v3 v3.0.1/go.mod h1:K4uyk7z7BCEPqu6E+C64Yfv1cQ7kz7rIZviUmN+EgEM=
